
Microsoft Visual Studio Solution File, Format Version 12.00
# Visual Studio 15
VisualStudioVersion = 15.0.26430.4
MinimumVisualStudioVersion = 10.0.40219.1
Project("{FAE04EC0-301F-11D3-BF4B-00C04F79EFBC}") = "BoodschApp", "BoodschApp\BoodschApp.csproj", "{D15B0684-5507-457F-A5AA-43DD2F2ABB53}"
EndProject
Project("{FAE04EC0-301F-11D3-BF4B-00C04F79EFBC}") = "BoodschAppTests", "BoodschAppTests\BoodschAppTests.csproj", "{A42AC953-F2CB-4791-B31B-F5A25FF199FC}"
EndProject
Global
	GlobalSection(SolutionConfigurationPlatforms) = preSolution
		Debug|Any CPU = Debug|Any CPU
		Release|Any CPU = Release|Any CPU
	EndGlobalSection
	GlobalSection(ProjectConfigurationPlatforms) = postSolution
		{D15B0684-5507-457F-A5AA-43DD2F2ABB53}.Debug|Any CPU.ActiveCfg = Debug|Any CPU
		{D15B0684-5507-457F-A5AA-43DD2F2ABB53}.Debug|Any CPU.Build.0 = Debug|Any CPU
		{D15B0684-5507-457F-A5AA-43DD2F2ABB53}.Release|Any CPU.ActiveCfg = Release|Any CPU
		{D15B0684-5507-457F-A5AA-43DD2F2ABB53}.Release|Any CPU.Build.0 = Release|Any CPU
		{A42AC953-F2CB-4791-B31B-F5A25FF199FC}.Debug|Any CPU.ActiveCfg = Debug|Any CPU
		{A42AC953-F2CB-4791-B31B-F5A25FF199FC}.Debug|Any CPU.Build.0 = Debug|Any CPU
		{A42AC953-F2CB-4791-B31B-F5A25FF199FC}.Release|Any CPU.ActiveCfg = Release|Any CPU
		{A42AC953-F2CB-4791-B31B-F5A25FF199FC}.Release|Any CPU.Build.0 = Release|Any CPU
	EndGlobalSection
	GlobalSection(SolutionProperties) = preSolution
		HideSolutionNode = FALSE
	EndGlobalSection
EndGlobal
