
Microsoft Visual Studio Solution File, Format Version 12.00
# Visual Studio 15
VisualStudioVersion = 15.0.26430.4
MinimumVisualStudioVersion = 10.0.40219.1
Project("{FAE04EC0-301F-11D3-BF4B-00C04F79EFBC}") = "LivePerformance-NJ-2017", "LivePerformance-NJ-2017\LivePerformance-NJ-2017.csproj", "{92CB7E14-8B29-48D8-948F-C655486D7534}"
EndProject
Project("{FAE04EC0-301F-11D3-BF4B-00C04F79EFBC}") = "LivePerformance-NJ-2017Tests", "LivePerformance-NJ-2017Tests\LivePerformance-NJ-2017Tests.csproj", "{AF8FC314-7711-48BF-9178-9CE74C4E073B}"
EndProject
Global
	GlobalSection(SolutionConfigurationPlatforms) = preSolution
		Debug|Any CPU = Debug|Any CPU
		Release|Any CPU = Release|Any CPU
	EndGlobalSection
	GlobalSection(ProjectConfigurationPlatforms) = postSolution
		{92CB7E14-8B29-48D8-948F-C655486D7534}.Debug|Any CPU.ActiveCfg = Debug|Any CPU
		{92CB7E14-8B29-48D8-948F-C655486D7534}.Debug|Any CPU.Build.0 = Debug|Any CPU
		{92CB7E14-8B29-48D8-948F-C655486D7534}.Release|Any CPU.ActiveCfg = Release|Any CPU
		{92CB7E14-8B29-48D8-948F-C655486D7534}.Release|Any CPU.Build.0 = Release|Any CPU
		{AF8FC314-7711-48BF-9178-9CE74C4E073B}.Debug|Any CPU.ActiveCfg = Debug|Any CPU
		{AF8FC314-7711-48BF-9178-9CE74C4E073B}.Debug|Any CPU.Build.0 = Debug|Any CPU
		{AF8FC314-7711-48BF-9178-9CE74C4E073B}.Release|Any CPU.ActiveCfg = Release|Any CPU
		{AF8FC314-7711-48BF-9178-9CE74C4E073B}.Release|Any CPU.Build.0 = Release|Any CPU
	EndGlobalSection
	GlobalSection(SolutionProperties) = preSolution
		HideSolutionNode = FALSE
	EndGlobalSection
EndGlobal
